<Solution>
  <Folder Name="/Src/">
    <Project Path="EnterpriseOperations.API/EnterpriseOperations.API.csproj" />
    <Project Path="EnterpriseOperations.Application/EnterpriseOperations.Application.csproj" />
    <Project Path="EnterpriseOperations.Domain/EnterpriseOperations.Domain.csproj" />
    <Project Path="EnterpriseOperations.Infrastructure/EnterpriseOperations.Infrastructure.csproj" />
  </Folder>
  <Folder Name="/Tests/">
    <Project Path="tests/EnterpriseOperations.IntegrationTests/EnterpriseOperations.IntegrationTests.csproj" Id="6d468e24-6369-4aa8-8c8f-71d13ffc04e2" />
    <Project Path="tests/EnterpriseOperations.UnitTests/EnterpriseOperations.UnitTests.csproj" />
  </Folder>
  <Project Path="docker-compose.dcproj">
    <Build />
  </Project>
</Solution>
