<Solution>
  <Folder Name="/tests/">
    <Project Path="../EnterpriseOperations.UnitTests/EnterpriseOperations.UnitTests.csproj" Id="0d3ee5bc-886e-41b2-b59b-eebf1cb63a54" />
  </Folder>
  <Project Path="docker-compose.dcproj">
    <Build />
  </Project>
  <Project Path="EnterpriseOperations.API/EnterpriseOperations.API.csproj" />
  <Project Path="EnterpriseOperations.Application/EnterpriseOperations.Application.csproj" />
  <Project Path="EnterpriseOperations.Domain/EnterpriseOperations.Domain.csproj" />
  <Project Path="EnterpriseOperations.Infrastructure/EnterpriseOperations.Infrastructure.csproj" />
</Solution>
